
Microsoft Visual Studio Solution File, Format Version 12.00
# Visual Studio Version 16
VisualStudioVersion = 16.0.31402.337
MinimumVisualStudioVersion = 10.0.40219.1
Project("{FAE04EC0-301F-11D3-BF4B-00C04F79EFBC}") = "Solaris", "Solaris\Solaris.csproj", "{BFBB6197-4EC9-48F2-BDD3-AB90C0B09189}"
EndProject
Global
	GlobalSection(SolutionConfigurationPlatforms) = preSolution
		Debug|Any CPU = Debug|Any CPU
		Release|Any CPU = Release|Any CPU
	EndGlobalSection
	GlobalSection(ProjectConfigurationPlatforms) = postSolution
		{BFBB6197-4EC9-48F2-BDD3-AB90C0B09189}.Debug|Any CPU.ActiveCfg = Debug|Any CPU
		{BFBB6197-4EC9-48F2-BDD3-AB90C0B09189}.Debug|Any CPU.Build.0 = Debug|Any CPU
		{BFBB6197-4EC9-48F2-BDD3-AB90C0B09189}.Release|Any CPU.ActiveCfg = Release|Any CPU
		{BFBB6197-4EC9-48F2-BDD3-AB90C0B09189}.Release|Any CPU.Build.0 = Release|Any CPU
	EndGlobalSection
	GlobalSection(SolutionProperties) = preSolution
		HideSolutionNode = FALSE
	EndGlobalSection
	GlobalSection(ExtensibilityGlobals) = postSolution
		SolutionGuid = {9DBF7097-2D16-4440-8445-2C30786DC230}
	EndGlobalSection
EndGlobal
